// !$*UTF8*$!
{
	archiveVersion = 1;
	classes = {
	};
	objectVersion = 50;
	objects = {

/* Begin PBXBuildFile section */
		D815EAC7262B8B75004C22AD /* JumpShotGetDailySchedule.swift in Sources */ = {isa = PBXBuildFile; fileRef = D815EAC6262B8B75004C22AD /* JumpShotGetDailySchedule.swift */; };
		D815EAEA262F7699004C22AD /* GameScheduleApiResponse.json in Resources */ = {isa = PBXBuildFile; fileRef = D815EAE9262F7699004C22AD /* GameScheduleApiResponse.json */; };
		D815EAF3262F7E6D004C22AD /* GameScheduleModel.json in Resources */ = {isa = PBXBuildFile; fileRef = D815EAF2262F7E6D004C22AD /* GameScheduleModel.json */; };
		D815EAFB262FAB9F004C22AD /* GameScheduleModelBadDataFormat.json in Resources */ = {isa = PBXBuildFile; fileRef = D815EAFA262FAB9F004C22AD /* GameScheduleModelBadDataFormat.json */; };
		D815EB00262FABF8004C22AD /* GameScheduleModelMissingDataFormat.json in Resources */ = {isa = PBXBuildFile; fileRef = D815EAFF262FABF8004C22AD /* GameScheduleModelMissingDataFormat.json */; };
		D815EB08262FB9DD004C22AD /* GameScheduleApiResponseMissingResultSets.json in Resources */ = {isa = PBXBuildFile; fileRef = D815EB07262FB9DD004C22AD /* GameScheduleApiResponseMissingResultSets.json */; };
		D815EB10262FBB19004C22AD /* GameScheduleApiResponseMissingCompleteGameSet.json in Resources */ = {isa = PBXBuildFile; fileRef = D815EB0F262FBB19004C22AD /* GameScheduleApiResponseMissingCompleteGameSet.json */; };
		D815EB15262FC503004C22AD /* GameScheduleApiResponseMissingAttribute.json in Resources */ = {isa = PBXBuildFile; fileRef = D815EB14262FC503004C22AD /* GameScheduleApiResponseMissingAttribute.json */; };
		D815EB1A262FCAC0004C22AD /* GameScheduleApiResponseOneGame.json in Resources */ = {isa = PBXBuildFile; fileRef = D815EB19262FCAC0004C22AD /* GameScheduleApiResponseOneGame.json */; };
		D817FC48261BCFB00092F5E0 /* JumpShot.framework in Frameworks */ = {isa = PBXBuildFile; fileRef = D817FC3E261BCFB00092F5E0 /* JumpShot.framework */; };
		D817FC4D261BCFB00092F5E0 /* JumpShotTests.swift in Sources */ = {isa = PBXBuildFile; fileRef = D817FC4C261BCFB00092F5E0 /* JumpShotTests.swift */; };
		D817FC4F261BCFB00092F5E0 /* JumpShot.h in Headers */ = {isa = PBXBuildFile; fileRef = D817FC41261BCFB00092F5E0 /* JumpShot.h */; settings = {ATTRIBUTES = (Public, ); }; };
		D817FC5E261BCFEC0092F5E0 /* JumpShot.swift in Sources */ = {isa = PBXBuildFile; fileRef = D817FC5D261BCFEC0092F5E0 /* JumpShot.swift */; };
		D817FC64261BCFF80092F5E0 /* JumpShotGetTeams.swift in Sources */ = {isa = PBXBuildFile; fileRef = D817FC63261BCFF80092F5E0 /* JumpShotGetTeams.swift */; };
		D817FC71261BD0070092F5E0 /* JumpShotNetworkManager.swift in Sources */ = {isa = PBXBuildFile; fileRef = D817FC69261BD0070092F5E0 /* JumpShotNetworkManager.swift */; };
		D817FC72261BD0070092F5E0 /* Team.swift in Sources */ = {isa = PBXBuildFile; fileRef = D817FC6B261BD0070092F5E0 /* Team.swift */; };
		D817FC73261BD0070092F5E0 /* JumpShotApiEndPoint.swift in Sources */ = {isa = PBXBuildFile; fileRef = D817FC6D261BD0070092F5E0 /* JumpShotApiEndPoint.swift */; };
		D817FC74261BD0070092F5E0 /* Router.swift in Sources */ = {isa = PBXBuildFile; fileRef = D817FC6F261BD0070092F5E0 /* Router.swift */; };
		D817FC75261BD0070092F5E0 /* EndPointType.swift in Sources */ = {isa = PBXBuildFile; fileRef = D817FC70261BD0070092F5E0 /* EndPointType.swift */; };
		D817FC84261BD02A0092F5E0 /* TeamApiResponseMissingLeagueDict.json in Resources */ = {isa = PBXBuildFile; fileRef = D817FC7A261BD02A0092F5E0 /* TeamApiResponseMissingLeagueDict.json */; };
		D817FC85261BD02A0092F5E0 /* TeamApiResponseMissingStandardDict.json in Resources */ = {isa = PBXBuildFile; fileRef = D817FC7B261BD02A0092F5E0 /* TeamApiResponseMissingStandardDict.json */; };
		D817FC86261BD02A0092F5E0 /* TeamApiResponseMissingIsNBAFranchise.json in Resources */ = {isa = PBXBuildFile; fileRef = D817FC7C261BD02A0092F5E0 /* TeamApiResponseMissingIsNBAFranchise.json */; };
		D817FC87261BD02A0092F5E0 /* TeamApiResponseIsNBAFranchiseIsFalse.json in Resources */ = {isa = PBXBuildFile; fileRef = D817FC7D261BD02A0092F5E0 /* TeamApiResponseIsNBAFranchiseIsFalse.json */; };
		D817FC88261BD02A0092F5E0 /* TeamApiResponseMissingAttribute.json in Resources */ = {isa = PBXBuildFile; fileRef = D817FC7E261BD02A0092F5E0 /* TeamApiResponseMissingAttribute.json */; };
		D817FC89261BD02A0092F5E0 /* TeamApiResponse.json in Resources */ = {isa = PBXBuildFile; fileRef = D817FC7F261BD02A0092F5E0 /* TeamApiResponse.json */; };
		D817FC8A261BD02A0092F5E0 /* TeamModel.json in Resources */ = {isa = PBXBuildFile; fileRef = D817FC81261BD02A0092F5E0 /* TeamModel.json */; };
		D817FC8B261BD02A0092F5E0 /* TeamModelMissingDataFormat.json in Resources */ = {isa = PBXBuildFile; fileRef = D817FC82261BD02A0092F5E0 /* TeamModelMissingDataFormat.json */; };
		D817FC8C261BD02A0092F5E0 /* TeamModelBadDataFormat.json in Resources */ = {isa = PBXBuildFile; fileRef = D817FC83261BD02A0092F5E0 /* TeamModelBadDataFormat.json */; };
		D817FC93261BD02F0092F5E0 /* XCTestCase+helpers.swift in Sources */ = {isa = PBXBuildFile; fileRef = D817FC92261BD02F0092F5E0 /* XCTestCase+helpers.swift */; };
		D817FCA1261BD0560092F5E0 /* JumpShotNetworkManagerTests.swift in Sources */ = {isa = PBXBuildFile; fileRef = D817FC9A261BD0560092F5E0 /* JumpShotNetworkManagerTests.swift */; };
		D817FCA2261BD0560092F5E0 /* JumpShotApiEndPointTests.swift in Sources */ = {isa = PBXBuildFile; fileRef = D817FC9C261BD0560092F5E0 /* JumpShotApiEndPointTests.swift */; };
		D817FCA3261BD0560092F5E0 /* MockURLSession.swift in Sources */ = {isa = PBXBuildFile; fileRef = D817FC9E261BD0560092F5E0 /* MockURLSession.swift */; };
		D817FCA4261BD0560092F5E0 /* JumpShotRouterTests.swift in Sources */ = {isa = PBXBuildFile; fileRef = D817FCA0261BD0560092F5E0 /* JumpShotRouterTests.swift */; };
		D817FCAB261BD05C0092F5E0 /* JumpShotAPIResponseTests.swift in Sources */ = {isa = PBXBuildFile; fileRef = D817FCAA261BD05C0092F5E0 /* JumpShotAPIResponseTests.swift */; };
		D817FCB2261BD0640092F5E0 /* JumpShotModelTests.swift in Sources */ = {isa = PBXBuildFile; fileRef = D817FCB1261BD0640092F5E0 /* JumpShotModelTests.swift */; };
		D817FCC7261BD1A00092F5E0 /* AppDelegate.swift in Sources */ = {isa = PBXBuildFile; fileRef = D817FCC6261BD1A00092F5E0 /* AppDelegate.swift */; };
		D817FCC9261BD1A00092F5E0 /* SceneDelegate.swift in Sources */ = {isa = PBXBuildFile; fileRef = D817FCC8261BD1A00092F5E0 /* SceneDelegate.swift */; };
		D817FCD0261BD1A10092F5E0 /* Assets.xcassets in Resources */ = {isa = PBXBuildFile; fileRef = D817FCCF261BD1A10092F5E0 /* Assets.xcassets */; };
		D817FCD3261BD1A10092F5E0 /* LaunchScreen.storyboard in Resources */ = {isa = PBXBuildFile; fileRef = D817FCD1261BD1A10092F5E0 /* LaunchScreen.storyboard */; };
		D817FCDC261BD1B40092F5E0 /* JumpShotTableViewController.swift in Sources */ = {isa = PBXBuildFile; fileRef = D817FCDB261BD1B40092F5E0 /* JumpShotTableViewController.swift */; };
		D817FCE7261BD1C60092F5E0 /* Main.storyboard in Resources */ = {isa = PBXBuildFile; fileRef = D817FCE6261BD1C60092F5E0 /* Main.storyboard */; };
		D832C4DD261E50F000D214B8 /* JumpShotGetTeamImage.swift in Sources */ = {isa = PBXBuildFile; fileRef = D832C4DC261E50F000D214B8 /* JumpShotGetTeamImage.swift */; };
		D832C4F4261F74CD00D214B8 /* BOS.png in Resources */ = {isa = PBXBuildFile; fileRef = D832C4F3261F74CD00D214B8 /* BOS.png */; };
		D832C4FA261FB3D300D214B8 /* NOP.png in Resources */ = {isa = PBXBuildFile; fileRef = D832C4F8261FB3D300D214B8 /* NOP.png */; };
		D832C4FB261FB3D300D214B8 /* UTA.png in Resources */ = {isa = PBXBuildFile; fileRef = D832C4F9261FB3D300D214B8 /* UTA.png */; };
		D832C5092624BE0200D214B8 /* JumpShotGetPlayerImage.swift in Sources */ = {isa = PBXBuildFile; fileRef = D832C5082624BE0200D214B8 /* JumpShotGetPlayerImage.swift */; };
		D832C5112625080A00D214B8 /* JumpShot+Helpers.swift in Sources */ = {isa = PBXBuildFile; fileRef = D832C5102625080A00D214B8 /* JumpShot+Helpers.swift */; };
		D832C51926251C2900D214B8 /* small_1627759.png in Resources */ = {isa = PBXBuildFile; fileRef = D832C51726251C2900D214B8 /* small_1627759.png */; };
		D832C51A26251C2900D214B8 /* large_1627759.png in Resources */ = {isa = PBXBuildFile; fileRef = D832C51826251C2900D214B8 /* large_1627759.png */; };
		D832C52826262CFB00D214B8 /* Player.swift in Sources */ = {isa = PBXBuildFile; fileRef = D832C52726262CFB00D214B8 /* Player.swift */; };
		D832C52D26273D6900D214B8 /* JumpShotGetPlayers.swift in Sources */ = {isa = PBXBuildFile; fileRef = D832C52C26273D6900D214B8 /* JumpShotGetPlayers.swift */; };
		D83B2646262A1951002EDBB0 /* GameSchedule.swift in Sources */ = {isa = PBXBuildFile; fileRef = D83B2645262A1951002EDBB0 /* GameSchedule.swift */; };
		D852B5122633532A00610391 /* TeamSchedule.swift in Sources */ = {isa = PBXBuildFile; fileRef = D852B5112633532A00610391 /* TeamSchedule.swift */; };
		D852B5172633B7D700610391 /* JumpShotGetTeamSchedules.swift in Sources */ = {isa = PBXBuildFile; fileRef = D852B5162633B7D700610391 /* JumpShotGetTeamSchedules.swift */; };
		D893531A2641A292006CA270 /* Helpers+TeamSchedule.swift in Sources */ = {isa = PBXBuildFile; fileRef = D89353192641A292006CA270 /* Helpers+TeamSchedule.swift */; };
		D893533B2641AF4F006CA270 /* TeamScheduleApiResponse.json in Resources */ = {isa = PBXBuildFile; fileRef = D893533A2641AF4F006CA270 /* TeamScheduleApiResponse.json */; };
		D89353402641B950006CA270 /* TeamScheduleModel.json in Resources */ = {isa = PBXBuildFile; fileRef = D893533F2641B950006CA270 /* TeamScheduleModel.json */; };
		D893534926422700006CA270 /* TeamScheduleModelBadDataFormat.json in Resources */ = {isa = PBXBuildFile; fileRef = D893534826422700006CA270 /* TeamScheduleModelBadDataFormat.json */; };
		D893534E26422719006CA270 /* TeamScheduleModelMissingDataFormat.json in Resources */ = {isa = PBXBuildFile; fileRef = D893534D26422719006CA270 /* TeamScheduleModelMissingDataFormat.json */; };
		D89353592642E0F7006CA270 /* TeamScheduleApiResponseMissingLeague.json in Resources */ = {isa = PBXBuildFile; fileRef = D89353582642E0F7006CA270 /* TeamScheduleApiResponseMissingLeague.json */; };
		D893535E2642E11C006CA270 /* TeamScheduleApiResponseMissingStandard.json in Resources */ = {isa = PBXBuildFile; fileRef = D893535D2642E11C006CA270 /* TeamScheduleApiResponseMissingStandard.json */; };
		D89353632642E157006CA270 /* TeamScheduleApiResponseMissingAttribute.json in Resources */ = {isa = PBXBuildFile; fileRef = D89353622642E157006CA270 /* TeamScheduleApiResponseMissingAttribute.json */; };
		D893537B2642E377006CA270 /* TeamScheduleApiResponseOneSchedule.json in Resources */ = {isa = PBXBuildFile; fileRef = D893537A2642E377006CA270 /* TeamScheduleApiResponseOneSchedule.json */; };
		D893538C2643701B006CA270 /* Coach.swift in Sources */ = {isa = PBXBuildFile; fileRef = D893538B2643701B006CA270 /* Coach.swift */; };
		D893539226437923006CA270 /* CoachModel.json in Resources */ = {isa = PBXBuildFile; fileRef = D893539126437923006CA270 /* CoachModel.json */; };
		D893539A26437954006CA270 /* CoachModelBadDataFormat.json in Resources */ = {isa = PBXBuildFile; fileRef = D893539926437954006CA270 /* CoachModelBadDataFormat.json */; };
		D89353A7264379C8006CA270 /* CoachModelMissingDataFormat.json in Resources */ = {isa = PBXBuildFile; fileRef = D89353A6264379C8006CA270 /* CoachModelMissingDataFormat.json */; };
		D89353B8264381BD006CA270 /* CoachApiResponseMissingLeague.json in Resources */ = {isa = PBXBuildFile; fileRef = D89353B7264381BD006CA270 /* CoachApiResponseMissingLeague.json */; };
		D89353BD264382B0006CA270 /* CoachApiResponseMissingStandard.json in Resources */ = {isa = PBXBuildFile; fileRef = D89353BC264382B0006CA270 /* CoachApiResponseMissingStandard.json */; };
		D89353C52643870E006CA270 /* CoachApiResponseOneCoach.json in Resources */ = {isa = PBXBuildFile; fileRef = D89353C42643870E006CA270 /* CoachApiResponseOneCoach.json */; };
		D89353CA264388B6006CA270 /* CoachApiResponseMissingAttribute.json in Resources */ = {isa = PBXBuildFile; fileRef = D89353C9264388B6006CA270 /* CoachApiResponseMissingAttribute.json */; };
		D8B6295826305E2F007B0D63 /* Standing.swift in Sources */ = {isa = PBXBuildFile; fileRef = D8B6295726305E2F007B0D63 /* Standing.swift */; };
		D8B6295D2630B169007B0D63 /* JumpShotGetStandings.swift in Sources */ = {isa = PBXBuildFile; fileRef = D8B6295C2630B169007B0D63 /* JumpShotGetStandings.swift */; };
		D8B629632631B769007B0D63 /* StandingApiResponse.json in Resources */ = {isa = PBXBuildFile; fileRef = D8B629622631B769007B0D63 /* StandingApiResponse.json */; };
		D8B6298B2631C20C007B0D63 /* StandingModel.json in Resources */ = {isa = PBXBuildFile; fileRef = D8B6298A2631C20C007B0D63 /* StandingModel.json */; };
		D8B629902631C223007B0D63 /* StandingModelMissingDataFormat.json in Resources */ = {isa = PBXBuildFile; fileRef = D8B6298F2631C223007B0D63 /* StandingModelMissingDataFormat.json */; };
		D8B6299D2631C259007B0D63 /* StandingModelBadDataFormat.json in Resources */ = {isa = PBXBuildFile; fileRef = D8B6299C2631C259007B0D63 /* StandingModelBadDataFormat.json */; };
		D8B629B52631C735007B0D63 /* StandingApiResponseMissingLeague.json in Resources */ = {isa = PBXBuildFile; fileRef = D8B629B42631C735007B0D63 /* StandingApiResponseMissingLeague.json */; };
		D8B629C22631C7EB007B0D63 /* StandingApiResponseMissingStandard.json in Resources */ = {isa = PBXBuildFile; fileRef = D8B629C12631C7EB007B0D63 /* StandingApiResponseMissingStandard.json */; };
		D8B629C72631C8D5007B0D63 /* StandingApiResponseMissingTeams.json in Resources */ = {isa = PBXBuildFile; fileRef = D8B629C62631C8D5007B0D63 /* StandingApiResponseMissingTeams.json */; };
		D8B629CC2631C9F0007B0D63 /* StandingApiResponseMissingAttribute.json in Resources */ = {isa = PBXBuildFile; fileRef = D8B629CB2631C9F0007B0D63 /* StandingApiResponseMissingAttribute.json */; };
		D8B629D12631CC54007B0D63 /* StandingApiResponseOneStanding.json in Resources */ = {isa = PBXBuildFile; fileRef = D8B629D02631CC54007B0D63 /* StandingApiResponseOneStanding.json */; };
		D8B629D92631ED8B007B0D63 /* Leader.swift in Sources */ = {isa = PBXBuildFile; fileRef = D8B629D82631ED8B007B0D63 /* Leader.swift */; };
		D8B629E42631FE06007B0D63 /* JumpShotGetTeamLeaders.swift in Sources */ = {isa = PBXBuildFile; fileRef = D8B629E32631FE06007B0D63 /* JumpShotGetTeamLeaders.swift */; };
		D8B629EA2632FB30007B0D63 /* LeaderApiResponse.json in Resources */ = {isa = PBXBuildFile; fileRef = D8B629E92632FB30007B0D63 /* LeaderApiResponse.json */; };
		D8B629F42632FC8B007B0D63 /* LeaderModel.json in Resources */ = {isa = PBXBuildFile; fileRef = D8B629F32632FC8B007B0D63 /* LeaderModel.json */; };
		D8B629FF2632FE94007B0D63 /* LeaderModelBadDataFormat.json in Resources */ = {isa = PBXBuildFile; fileRef = D8B629FE2632FE94007B0D63 /* LeaderModelBadDataFormat.json */; };
		D8B62A042632FEA3007B0D63 /* LeaderModelMissingDataFormat.json in Resources */ = {isa = PBXBuildFile; fileRef = D8B62A032632FEA3007B0D63 /* LeaderModelMissingDataFormat.json */; };
		D8B62A0F26330002007B0D63 /* LeaderApiResponseMissingLeague.json in Resources */ = {isa = PBXBuildFile; fileRef = D8B62A0E26330002007B0D63 /* LeaderApiResponseMissingLeague.json */; };
		D8B62A142633005C007B0D63 /* LeaderApiResponseMissingStandard.json in Resources */ = {isa = PBXBuildFile; fileRef = D8B62A132633005C007B0D63 /* LeaderApiResponseMissingStandard.json */; };
		D8B62A21263301A3007B0D63 /* LeaderApiResponseMissingAttribute.json in Resources */ = {isa = PBXBuildFile; fileRef = D8B62A20263301A3007B0D63 /* LeaderApiResponseMissingAttribute.json */; };
		D8B62A31263305AC007B0D63 /* LeaderApiResponseOneLeader.json in Resources */ = {isa = PBXBuildFile; fileRef = D8B62A30263305AC007B0D63 /* LeaderApiResponseOneLeader.json */; };
		D8C03188264423080009292A /* JumpShotGetCoaches.swift in Sources */ = {isa = PBXBuildFile; fileRef = D8C03187264423080009292A /* JumpShotGetCoaches.swift */; };
		D8D676062628D23A0009B06F /* PlayerApiResponse.json in Resources */ = {isa = PBXBuildFile; fileRef = D8D676052628D23A0009B06F /* PlayerApiResponse.json */; };
		D8D676172628E2B90009B06F /* PlayerModel.json in Resources */ = {isa = PBXBuildFile; fileRef = D8D676162628E2B90009B06F /* PlayerModel.json */; };
		D8D6761F2629DFDF0009B06F /* PlayerModelMissingDataFormat.json in Resources */ = {isa = PBXBuildFile; fileRef = D8D6761E2629DFDF0009B06F /* PlayerModelMissingDataFormat.json */; };
		D8D676242629DFF80009B06F /* PlayerModelBadDataFormat.json in Resources */ = {isa = PBXBuildFile; fileRef = D8D676232629DFF80009B06F /* PlayerModelBadDataFormat.json */; };
		D8D676342629E3290009B06F /* PlayerApiResponseMissingStandardDict.json in Resources */ = {isa = PBXBuildFile; fileRef = D8D676332629E3290009B06F /* PlayerApiResponseMissingStandardDict.json */; };
		D8D6763F2629E36E0009B06F /* PlayerApiResponseMissingLeagueDict.json in Resources */ = {isa = PBXBuildFile; fileRef = D8D6763E2629E36E0009B06F /* PlayerApiResponseMissingLeagueDict.json */; };
		D8D6764A2629E5770009B06F /* PlayerApiResponseMissingIsActive.json in Resources */ = {isa = PBXBuildFile; fileRef = D8D676492629E5770009B06F /* PlayerApiResponseMissingIsActive.json */; };
		D8D6764F2629E6C50009B06F /* PlayerApiResponseIsActiveIsFalse.json in Resources */ = {isa = PBXBuildFile; fileRef = D8D6764E2629E6C50009B06F /* PlayerApiResponseIsActiveIsFalse.json */; };
		D8D676572629E9600009B06F /* PlayerApiResponseMissingAttribute.json in Resources */ = {isa = PBXBuildFile; fileRef = D8D676562629E9600009B06F /* PlayerApiResponseMissingAttribute.json */; };
		D8D6765C2629F0110009B06F /* PlayerApiResponseOnePlayer.json in Resources */ = {isa = PBXBuildFile; fileRef = D8D6765B2629F0110009B06F /* PlayerApiResponseOnePlayer.json */; };
/* End PBXBuildFile section */

/* Begin PBXContainerItemProxy section */
		D817FC49261BCFB00092F5E0 /* PBXContainerItemProxy */ = {
			isa = PBXContainerItemProxy;
			containerPortal = D817FC35261BCFB00092F5E0 /* Project object */;
			proxyType = 1;
			remoteGlobalIDString = D817FC3D261BCFB00092F5E0;
			remoteInfo = JumpShot;
		};
/* End PBXContainerItemProxy section */

/* Begin PBXFileReference section */
		D815EAC6262B8B75004C22AD /* JumpShotGetDailySchedule.swift */ = {isa = PBXFileReference; lastKnownFileType = sourcecode.swift; path = JumpShotGetDailySchedule.swift; sourceTree = "<group>"; };
		D815EAE9262F7699004C22AD /* GameScheduleApiResponse.json */ = {isa = PBXFileReference; lastKnownFileType = text.json; path = GameScheduleApiResponse.json; sourceTree = "<group>"; };
		D815EAF2262F7E6D004C22AD /* GameScheduleModel.json */ = {isa = PBXFileReference; lastKnownFileType = text.json; path = GameScheduleModel.json; sourceTree = "<group>"; };
		D815EAFA262FAB9F004C22AD /* GameScheduleModelBadDataFormat.json */ = {isa = PBXFileReference; lastKnownFileType = text.json; path = GameScheduleModelBadDataFormat.json; sourceTree = "<group>"; };
		D815EAFF262FABF8004C22AD /* GameScheduleModelMissingDataFormat.json */ = {isa = PBXFileReference; lastKnownFileType = text.json; path = GameScheduleModelMissingDataFormat.json; sourceTree = "<group>"; };
		D815EB07262FB9DD004C22AD /* GameScheduleApiResponseMissingResultSets.json */ = {isa = PBXFileReference; lastKnownFileType = text.json; path = GameScheduleApiResponseMissingResultSets.json; sourceTree = "<group>"; };
		D815EB0F262FBB19004C22AD /* GameScheduleApiResponseMissingCompleteGameSet.json */ = {isa = PBXFileReference; lastKnownFileType = text.json; path = GameScheduleApiResponseMissingCompleteGameSet.json; sourceTree = "<group>"; };
		D815EB14262FC503004C22AD /* GameScheduleApiResponseMissingAttribute.json */ = {isa = PBXFileReference; lastKnownFileType = text.json; path = GameScheduleApiResponseMissingAttribute.json; sourceTree = "<group>"; };
		D815EB19262FCAC0004C22AD /* GameScheduleApiResponseOneGame.json */ = {isa = PBXFileReference; lastKnownFileType = text.json; path = GameScheduleApiResponseOneGame.json; sourceTree = "<group>"; };
		D817FC3E261BCFB00092F5E0 /* JumpShot.framework */ = {isa = PBXFileReference; explicitFileType = wrapper.framework; includeInIndex = 0; path = JumpShot.framework; sourceTree = BUILT_PRODUCTS_DIR; };
		D817FC41261BCFB00092F5E0 /* JumpShot.h */ = {isa = PBXFileReference; lastKnownFileType = sourcecode.c.h; path = JumpShot.h; sourceTree = "<group>"; };
		D817FC42261BCFB00092F5E0 /* Info.plist */ = {isa = PBXFileReference; lastKnownFileType = text.plist.xml; path = Info.plist; sourceTree = "<group>"; };
		D817FC47261BCFB00092F5E0 /* JumpShotTests.xctest */ = {isa = PBXFileReference; explicitFileType = wrapper.cfbundle; includeInIndex = 0; path = JumpShotTests.xctest; sourceTree = BUILT_PRODUCTS_DIR; };
		D817FC4C261BCFB00092F5E0 /* JumpShotTests.swift */ = {isa = PBXFileReference; lastKnownFileType = sourcecode.swift; path = JumpShotTests.swift; sourceTree = "<group>"; };
		D817FC4E261BCFB00092F5E0 /* Info.plist */ = {isa = PBXFileReference; lastKnownFileType = text.plist.xml; path = Info.plist; sourceTree = "<group>"; };
		D817FC5D261BCFEC0092F5E0 /* JumpShot.swift */ = {isa = PBXFileReference; fileEncoding = 4; lastKnownFileType = sourcecode.swift; path = JumpShot.swift; sourceTree = "<group>"; };
		D817FC63261BCFF80092F5E0 /* JumpShotGetTeams.swift */ = {isa = PBXFileReference; fileEncoding = 4; lastKnownFileType = sourcecode.swift; path = JumpShotGetTeams.swift; sourceTree = "<group>"; };
		D817FC69261BD0070092F5E0 /* JumpShotNetworkManager.swift */ = {isa = PBXFileReference; fileEncoding = 4; lastKnownFileType = sourcecode.swift; path = JumpShotNetworkManager.swift; sourceTree = "<group>"; };
		D817FC6B261BD0070092F5E0 /* Team.swift */ = {isa = PBXFileReference; fileEncoding = 4; lastKnownFileType = sourcecode.swift; path = Team.swift; sourceTree = "<group>"; };
		D817FC6D261BD0070092F5E0 /* JumpShotApiEndPoint.swift */ = {isa = PBXFileReference; fileEncoding = 4; lastKnownFileType = sourcecode.swift; path = JumpShotApiEndPoint.swift; sourceTree = "<group>"; };
		D817FC6F261BD0070092F5E0 /* Router.swift */ = {isa = PBXFileReference; fileEncoding = 4; lastKnownFileType = sourcecode.swift; path = Router.swift; sourceTree = "<group>"; };
		D817FC70261BD0070092F5E0 /* EndPointType.swift */ = {isa = PBXFileReference; fileEncoding = 4; lastKnownFileType = sourcecode.swift; path = EndPointType.swift; sourceTree = "<group>"; };
		D817FC7A261BD02A0092F5E0 /* TeamApiResponseMissingLeagueDict.json */ = {isa = PBXFileReference; fileEncoding = 4; lastKnownFileType = text.json; path = TeamApiResponseMissingLeagueDict.json; sourceTree = "<group>"; };
		D817FC7B261BD02A0092F5E0 /* TeamApiResponseMissingStandardDict.json */ = {isa = PBXFileReference; fileEncoding = 4; lastKnownFileType = text.json; path = TeamApiResponseMissingStandardDict.json; sourceTree = "<group>"; };
		D817FC7C261BD02A0092F5E0 /* TeamApiResponseMissingIsNBAFranchise.json */ = {isa = PBXFileReference; fileEncoding = 4; lastKnownFileType = text.json; path = TeamApiResponseMissingIsNBAFranchise.json; sourceTree = "<group>"; };
		D817FC7D261BD02A0092F5E0 /* TeamApiResponseIsNBAFranchiseIsFalse.json */ = {isa = PBXFileReference; fileEncoding = 4; lastKnownFileType = text.json; path = TeamApiResponseIsNBAFranchiseIsFalse.json; sourceTree = "<group>"; };
		D817FC7E261BD02A0092F5E0 /* TeamApiResponseMissingAttribute.json */ = {isa = PBXFileReference; fileEncoding = 4; lastKnownFileType = text.json; path = TeamApiResponseMissingAttribute.json; sourceTree = "<group>"; };
		D817FC7F261BD02A0092F5E0 /* TeamApiResponse.json */ = {isa = PBXFileReference; fileEncoding = 4; lastKnownFileType = text.json; path = TeamApiResponse.json; sourceTree = "<group>"; };
		D817FC81261BD02A0092F5E0 /* TeamModel.json */ = {isa = PBXFileReference; fileEncoding = 4; lastKnownFileType = text.json; path = TeamModel.json; sourceTree = "<group>"; };
		D817FC82261BD02A0092F5E0 /* TeamModelMissingDataFormat.json */ = {isa = PBXFileReference; fileEncoding = 4; lastKnownFileType = text.json; path = TeamModelMissingDataFormat.json; sourceTree = "<group>"; };
		D817FC83261BD02A0092F5E0 /* TeamModelBadDataFormat.json */ = {isa = PBXFileReference; fileEncoding = 4; lastKnownFileType = text.json; path = TeamModelBadDataFormat.json; sourceTree = "<group>"; };
		D817FC92261BD02F0092F5E0 /* XCTestCase+helpers.swift */ = {isa = PBXFileReference; fileEncoding = 4; lastKnownFileType = sourcecode.swift; path = "XCTestCase+helpers.swift"; sourceTree = "<group>"; };
		D817FC9A261BD0560092F5E0 /* JumpShotNetworkManagerTests.swift */ = {isa = PBXFileReference; fileEncoding = 4; lastKnownFileType = sourcecode.swift; path = JumpShotNetworkManagerTests.swift; sourceTree = "<group>"; };
		D817FC9C261BD0560092F5E0 /* JumpShotApiEndPointTests.swift */ = {isa = PBXFileReference; fileEncoding = 4; lastKnownFileType = sourcecode.swift; path = JumpShotApiEndPointTests.swift; sourceTree = "<group>"; };
		D817FC9E261BD0560092F5E0 /* MockURLSession.swift */ = {isa = PBXFileReference; fileEncoding = 4; lastKnownFileType = sourcecode.swift; path = MockURLSession.swift; sourceTree = "<group>"; };
		D817FCA0261BD0560092F5E0 /* JumpShotRouterTests.swift */ = {isa = PBXFileReference; fileEncoding = 4; lastKnownFileType = sourcecode.swift; path = JumpShotRouterTests.swift; sourceTree = "<group>"; };
		D817FCAA261BD05C0092F5E0 /* JumpShotAPIResponseTests.swift */ = {isa = PBXFileReference; fileEncoding = 4; lastKnownFileType = sourcecode.swift; path = JumpShotAPIResponseTests.swift; sourceTree = "<group>"; };
		D817FCB1261BD0640092F5E0 /* JumpShotModelTests.swift */ = {isa = PBXFileReference; fileEncoding = 4; lastKnownFileType = sourcecode.swift; path = JumpShotModelTests.swift; sourceTree = "<group>"; };
		D817FCC4261BD1A00092F5E0 /* JumpShotExamples.app */ = {isa = PBXFileReference; explicitFileType = wrapper.application; includeInIndex = 0; path = JumpShotExamples.app; sourceTree = BUILT_PRODUCTS_DIR; };
		D817FCC6261BD1A00092F5E0 /* AppDelegate.swift */ = {isa = PBXFileReference; lastKnownFileType = sourcecode.swift; path = AppDelegate.swift; sourceTree = "<group>"; };
		D817FCC8261BD1A00092F5E0 /* SceneDelegate.swift */ = {isa = PBXFileReference; lastKnownFileType = sourcecode.swift; path = SceneDelegate.swift; sourceTree = "<group>"; };
		D817FCCF261BD1A10092F5E0 /* Assets.xcassets */ = {isa = PBXFileReference; lastKnownFileType = folder.assetcatalog; path = Assets.xcassets; sourceTree = "<group>"; };
		D817FCD2261BD1A10092F5E0 /* Base */ = {isa = PBXFileReference; lastKnownFileType = file.storyboard; name = Base; path = Base.lproj/LaunchScreen.storyboard; sourceTree = "<group>"; };
		D817FCD4261BD1A10092F5E0 /* Info.plist */ = {isa = PBXFileReference; lastKnownFileType = text.plist.xml; path = Info.plist; sourceTree = "<group>"; };
		D817FCDB261BD1B40092F5E0 /* JumpShotTableViewController.swift */ = {isa = PBXFileReference; fileEncoding = 4; lastKnownFileType = sourcecode.swift; path = JumpShotTableViewController.swift; sourceTree = "<group>"; };
		D817FCE6261BD1C60092F5E0 /* Main.storyboard */ = {isa = PBXFileReference; fileEncoding = 4; lastKnownFileType = file.storyboard; path = Main.storyboard; sourceTree = "<group>"; };
		D832C4DC261E50F000D214B8 /* JumpShotGetTeamImage.swift */ = {isa = PBXFileReference; lastKnownFileType = sourcecode.swift; path = JumpShotGetTeamImage.swift; sourceTree = "<group>"; };
		D832C4F3261F74CD00D214B8 /* BOS.png */ = {isa = PBXFileReference; lastKnownFileType = image.png; path = BOS.png; sourceTree = "<group>"; };
		D832C4F8261FB3D300D214B8 /* NOP.png */ = {isa = PBXFileReference; lastKnownFileType = image.png; path = NOP.png; sourceTree = "<group>"; };
		D832C4F9261FB3D300D214B8 /* UTA.png */ = {isa = PBXFileReference; lastKnownFileType = image.png; path = UTA.png; sourceTree = "<group>"; };
		D832C5082624BE0200D214B8 /* JumpShotGetPlayerImage.swift */ = {isa = PBXFileReference; lastKnownFileType = sourcecode.swift; path = JumpShotGetPlayerImage.swift; sourceTree = "<group>"; };
		D832C5102625080A00D214B8 /* JumpShot+Helpers.swift */ = {isa = PBXFileReference; lastKnownFileType = sourcecode.swift; path = "JumpShot+Helpers.swift"; sourceTree = "<group>"; };
		D832C51726251C2900D214B8 /* small_1627759.png */ = {isa = PBXFileReference; lastKnownFileType = image.png; path = small_1627759.png; sourceTree = "<group>"; };
		D832C51826251C2900D214B8 /* large_1627759.png */ = {isa = PBXFileReference; lastKnownFileType = image.png; path = large_1627759.png; sourceTree = "<group>"; };
		D832C52726262CFB00D214B8 /* Player.swift */ = {isa = PBXFileReference; lastKnownFileType = sourcecode.swift; path = Player.swift; sourceTree = "<group>"; };
		D832C52C26273D6900D214B8 /* JumpShotGetPlayers.swift */ = {isa = PBXFileReference; lastKnownFileType = sourcecode.swift; path = JumpShotGetPlayers.swift; sourceTree = "<group>"; };
		D83B2645262A1951002EDBB0 /* GameSchedule.swift */ = {isa = PBXFileReference; lastKnownFileType = sourcecode.swift; path = GameSchedule.swift; sourceTree = "<group>"; };
		D852B5112633532A00610391 /* TeamSchedule.swift */ = {isa = PBXFileReference; lastKnownFileType = sourcecode.swift; path = TeamSchedule.swift; sourceTree = "<group>"; };
		D852B5162633B7D700610391 /* JumpShotGetTeamSchedules.swift */ = {isa = PBXFileReference; lastKnownFileType = sourcecode.swift; path = JumpShotGetTeamSchedules.swift; sourceTree = "<group>"; };
		D89353192641A292006CA270 /* Helpers+TeamSchedule.swift */ = {isa = PBXFileReference; lastKnownFileType = sourcecode.swift; path = "Helpers+TeamSchedule.swift"; sourceTree = "<group>"; };
		D893533A2641AF4F006CA270 /* TeamScheduleApiResponse.json */ = {isa = PBXFileReference; lastKnownFileType = text.json; path = TeamScheduleApiResponse.json; sourceTree = "<group>"; };
		D893533F2641B950006CA270 /* TeamScheduleModel.json */ = {isa = PBXFileReference; lastKnownFileType = text.json; path = TeamScheduleModel.json; sourceTree = "<group>"; };
		D893534826422700006CA270 /* TeamScheduleModelBadDataFormat.json */ = {isa = PBXFileReference; lastKnownFileType = text.json; path = TeamScheduleModelBadDataFormat.json; sourceTree = "<group>"; };
		D893534D26422719006CA270 /* TeamScheduleModelMissingDataFormat.json */ = {isa = PBXFileReference; lastKnownFileType = text.json; path = TeamScheduleModelMissingDataFormat.json; sourceTree = "<group>"; };
		D89353582642E0F7006CA270 /* TeamScheduleApiResponseMissingLeague.json */ = {isa = PBXFileReference; lastKnownFileType = text.json; path = TeamScheduleApiResponseMissingLeague.json; sourceTree = "<group>"; };
		D893535D2642E11C006CA270 /* TeamScheduleApiResponseMissingStandard.json */ = {isa = PBXFileReference; lastKnownFileType = text.json; path = TeamScheduleApiResponseMissingStandard.json; sourceTree = "<group>"; };
		D89353622642E157006CA270 /* TeamScheduleApiResponseMissingAttribute.json */ = {isa = PBXFileReference; lastKnownFileType = text.json; path = TeamScheduleApiResponseMissingAttribute.json; sourceTree = "<group>"; };
		D893537A2642E377006CA270 /* TeamScheduleApiResponseOneSchedule.json */ = {isa = PBXFileReference; lastKnownFileType = text.json; path = TeamScheduleApiResponseOneSchedule.json; sourceTree = "<group>"; };
		D893538B2643701B006CA270 /* Coach.swift */ = {isa = PBXFileReference; lastKnownFileType = sourcecode.swift; path = Coach.swift; sourceTree = "<group>"; };
		D893539126437923006CA270 /* CoachModel.json */ = {isa = PBXFileReference; lastKnownFileType = text.json; path = CoachModel.json; sourceTree = "<group>"; };
		D893539926437954006CA270 /* CoachModelBadDataFormat.json */ = {isa = PBXFileReference; lastKnownFileType = text.json; path = CoachModelBadDataFormat.json; sourceTree = "<group>"; };
		D89353A6264379C8006CA270 /* CoachModelMissingDataFormat.json */ = {isa = PBXFileReference; lastKnownFileType = text.json; path = CoachModelMissingDataFormat.json; sourceTree = "<group>"; };
		D89353B7264381BD006CA270 /* CoachApiResponseMissingLeague.json */ = {isa = PBXFileReference; lastKnownFileType = text.json; path = CoachApiResponseMissingLeague.json; sourceTree = "<group>"; };
		D89353BC264382B0006CA270 /* CoachApiResponseMissingStandard.json */ = {isa = PBXFileReference; lastKnownFileType = text.json; path = CoachApiResponseMissingStandard.json; sourceTree = "<group>"; };
		D89353C42643870E006CA270 /* CoachApiResponseOneCoach.json */ = {isa = PBXFileReference; lastKnownFileType = text.json; path = CoachApiResponseOneCoach.json; sourceTree = "<group>"; };
		D89353C9264388B6006CA270 /* CoachApiResponseMissingAttribute.json */ = {isa = PBXFileReference; lastKnownFileType = text.json; path = CoachApiResponseMissingAttribute.json; sourceTree = "<group>"; };
		D8B6295726305E2F007B0D63 /* Standing.swift */ = {isa = PBXFileReference; lastKnownFileType = sourcecode.swift; path = Standing.swift; sourceTree = "<group>"; };
		D8B6295C2630B169007B0D63 /* JumpShotGetStandings.swift */ = {isa = PBXFileReference; lastKnownFileType = sourcecode.swift; path = JumpShotGetStandings.swift; sourceTree = "<group>"; };
		D8B629622631B769007B0D63 /* StandingApiResponse.json */ = {isa = PBXFileReference; lastKnownFileType = text.json; path = StandingApiResponse.json; sourceTree = "<group>"; };
		D8B6298A2631C20C007B0D63 /* StandingModel.json */ = {isa = PBXFileReference; lastKnownFileType = text.json; path = StandingModel.json; sourceTree = "<group>"; };
		D8B6298F2631C223007B0D63 /* StandingModelMissingDataFormat.json */ = {isa = PBXFileReference; lastKnownFileType = text.json; path = StandingModelMissingDataFormat.json; sourceTree = "<group>"; };
		D8B6299C2631C259007B0D63 /* StandingModelBadDataFormat.json */ = {isa = PBXFileReference; lastKnownFileType = text.json; path = StandingModelBadDataFormat.json; sourceTree = "<group>"; };
		D8B629B42631C735007B0D63 /* StandingApiResponseMissingLeague.json */ = {isa = PBXFileReference; lastKnownFileType = text.json; path = StandingApiResponseMissingLeague.json; sourceTree = "<group>"; };
		D8B629C12631C7EB007B0D63 /* StandingApiResponseMissingStandard.json */ = {isa = PBXFileReference; lastKnownFileType = text.json; path = StandingApiResponseMissingStandard.json; sourceTree = "<group>"; };
		D8B629C62631C8D5007B0D63 /* StandingApiResponseMissingTeams.json */ = {isa = PBXFileReference; lastKnownFileType = text.json; path = StandingApiResponseMissingTeams.json; sourceTree = "<group>"; };
		D8B629CB2631C9F0007B0D63 /* StandingApiResponseMissingAttribute.json */ = {isa = PBXFileReference; lastKnownFileType = text.json; path = StandingApiResponseMissingAttribute.json; sourceTree = "<group>"; };
		D8B629D02631CC54007B0D63 /* StandingApiResponseOneStanding.json */ = {isa = PBXFileReference; lastKnownFileType = text.json; path = StandingApiResponseOneStanding.json; sourceTree = "<group>"; };
		D8B629D82631ED8B007B0D63 /* Leader.swift */ = {isa = PBXFileReference; lastKnownFileType = sourcecode.swift; path = Leader.swift; sourceTree = "<group>"; };
		D8B629E32631FE06007B0D63 /* JumpShotGetTeamLeaders.swift */ = {isa = PBXFileReference; lastKnownFileType = sourcecode.swift; path = JumpShotGetTeamLeaders.swift; sourceTree = "<group>"; };
		D8B629E92632FB30007B0D63 /* LeaderApiResponse.json */ = {isa = PBXFileReference; lastKnownFileType = text.json; path = LeaderApiResponse.json; sourceTree = "<group>"; };
		D8B629F32632FC8B007B0D63 /* LeaderModel.json */ = {isa = PBXFileReference; lastKnownFileType = text.json; path = LeaderModel.json; sourceTree = "<group>"; };
		D8B629FE2632FE94007B0D63 /* LeaderModelBadDataFormat.json */ = {isa = PBXFileReference; lastKnownFileType = text.json; path = LeaderModelBadDataFormat.json; sourceTree = "<group>"; };
		D8B62A032632FEA3007B0D63 /* LeaderModelMissingDataFormat.json */ = {isa = PBXFileReference; lastKnownFileType = text.json; path = LeaderModelMissingDataFormat.json; sourceTree = "<group>"; };
		D8B62A0E26330002007B0D63 /* LeaderApiResponseMissingLeague.json */ = {isa = PBXFileReference; lastKnownFileType = text.json; path = LeaderApiResponseMissingLeague.json; sourceTree = "<group>"; };
		D8B62A132633005C007B0D63 /* LeaderApiResponseMissingStandard.json */ = {isa = PBXFileReference; lastKnownFileType = text.json; path = LeaderApiResponseMissingStandard.json; sourceTree = "<group>"; };
		D8B62A20263301A3007B0D63 /* LeaderApiResponseMissingAttribute.json */ = {isa = PBXFileReference; lastKnownFileType = text.json; path = LeaderApiResponseMissingAttribute.json; sourceTree = "<group>"; };
		D8B62A30263305AC007B0D63 /* LeaderApiResponseOneLeader.json */ = {isa = PBXFileReference; lastKnownFileType = text.json; path = LeaderApiResponseOneLeader.json; sourceTree = "<group>"; };
		D8C03187264423080009292A /* JumpShotGetCoaches.swift */ = {isa = PBXFileReference; lastKnownFileType = sourcecode.swift; path = JumpShotGetCoaches.swift; sourceTree = "<group>"; };
		D8D676052628D23A0009B06F /* PlayerApiResponse.json */ = {isa = PBXFileReference; lastKnownFileType = text.json; path = PlayerApiResponse.json; sourceTree = "<group>"; };
		D8D676162628E2B90009B06F /* PlayerModel.json */ = {isa = PBXFileReference; lastKnownFileType = text.json; path = PlayerModel.json; sourceTree = "<group>"; };
		D8D6761E2629DFDF0009B06F /* PlayerModelMissingDataFormat.json */ = {isa = PBXFileReference; lastKnownFileType = text.json; path = PlayerModelMissingDataFormat.json; sourceTree = "<group>"; };
		D8D676232629DFF80009B06F /* PlayerModelBadDataFormat.json */ = {isa = PBXFileReference; lastKnownFileType = text.json; path = PlayerModelBadDataFormat.json; sourceTree = "<group>"; };
		D8D676332629E3290009B06F /* PlayerApiResponseMissingStandardDict.json */ = {isa = PBXFileReference; lastKnownFileType = text.json; path = PlayerApiResponseMissingStandardDict.json; sourceTree = "<group>"; };
		D8D6763E2629E36E0009B06F /* PlayerApiResponseMissingLeagueDict.json */ = {isa = PBXFileReference; lastKnownFileType = text.json; path = PlayerApiResponseMissingLeagueDict.json; sourceTree = "<group>"; };
		D8D676492629E5770009B06F /* PlayerApiResponseMissingIsActive.json */ = {isa = PBXFileReference; lastKnownFileType = text.json; path = PlayerApiResponseMissingIsActive.json; sourceTree = "<group>"; };
		D8D6764E2629E6C50009B06F /* PlayerApiResponseIsActiveIsFalse.json */ = {isa = PBXFileReference; lastKnownFileType = text.json; path = PlayerApiResponseIsActiveIsFalse.json; sourceTree = "<group>"; };
		D8D676562629E9600009B06F /* PlayerApiResponseMissingAttribute.json */ = {isa = PBXFileReference; lastKnownFileType = text.json; path = PlayerApiResponseMissingAttribute.json; sourceTree = "<group>"; };
		D8D6765B2629F0110009B06F /* PlayerApiResponseOnePlayer.json */ = {isa = PBXFileReference; lastKnownFileType = text.json; path = PlayerApiResponseOnePlayer.json; sourceTree = "<group>"; };
/* End PBXFileReference section */

/* Begin PBXFrameworksBuildPhase section */
		D817FC3B261BCFB00092F5E0 /* Frameworks */ = {
			isa = PBXFrameworksBuildPhase;
			buildActionMask = 2147483647;
			files = (
			);
			runOnlyForDeploymentPostprocessing = 0;
		};
		D817FC44261BCFB00092F5E0 /* Frameworks */ = {
			isa = PBXFrameworksBuildPhase;
			buildActionMask = 2147483647;
			files = (
				D817FC48261BCFB00092F5E0 /* JumpShot.framework in Frameworks */,
			);
			runOnlyForDeploymentPostprocessing = 0;
		};
		D817FCC1261BD1A00092F5E0 /* Frameworks */ = {
			isa = PBXFrameworksBuildPhase;
			buildActionMask = 2147483647;
			files = (
			);
			runOnlyForDeploymentPostprocessing = 0;
		};
/* End PBXFrameworksBuildPhase section */

/* Begin PBXGroup section */
		D815EAD7262F762C004C22AD /* GameScheduleApiResponse */ = {
			isa = PBXGroup;
			children = (
				D815EAE9262F7699004C22AD /* GameScheduleApiResponse.json */,
				D815EB19262FCAC0004C22AD /* GameScheduleApiResponseOneGame.json */,
				D815EB0F262FBB19004C22AD /* GameScheduleApiResponseMissingCompleteGameSet.json */,
				D815EB07262FB9DD004C22AD /* GameScheduleApiResponseMissingResultSets.json */,
				D815EB14262FC503004C22AD /* GameScheduleApiResponseMissingAttribute.json */,
			);
			path = GameScheduleApiResponse;
			sourceTree = "<group>";
		};
		D815EAF1262F7E42004C22AD /* GameScheduleModel */ = {
			isa = PBXGroup;
			children = (
				D815EAF2262F7E6D004C22AD /* GameScheduleModel.json */,
				D815EAFF262FABF8004C22AD /* GameScheduleModelMissingDataFormat.json */,
				D815EAFA262FAB9F004C22AD /* GameScheduleModelBadDataFormat.json */,
			);
			path = GameScheduleModel;
			sourceTree = "<group>";
		};
		D817FC34261BCFB00092F5E0 = {
			isa = PBXGroup;
			children = (
				D817FC40261BCFB00092F5E0 /* JumpShot */,
				D817FC4B261BCFB00092F5E0 /* JumpShotTests */,
				D817FCC5261BD1A00092F5E0 /* JumpShotExamples */,
				D817FC3F261BCFB00092F5E0 /* Products */,
			);
			sourceTree = "<group>";
		};
		D817FC3F261BCFB00092F5E0 /* Products */ = {
			isa = PBXGroup;
			children = (
				D817FC3E261BCFB00092F5E0 /* JumpShot.framework */,
				D817FC47261BCFB00092F5E0 /* JumpShotTests.xctest */,
				D817FCC4261BD1A00092F5E0 /* JumpShotExamples.app */,
			);
			name = Products;
			sourceTree = "<group>";
		};
		D817FC40261BCFB00092F5E0 /* JumpShot */ = {
			isa = PBXGroup;
			children = (
				D817FC5D261BCFEC0092F5E0 /* JumpShot.swift */,
				D832C5102625080A00D214B8 /* JumpShot+Helpers.swift */,
				D817FC63261BCFF80092F5E0 /* JumpShotGetTeams.swift */,
				D832C4DC261E50F000D214B8 /* JumpShotGetTeamImage.swift */,
				D832C5082624BE0200D214B8 /* JumpShotGetPlayerImage.swift */,
				D832C52C26273D6900D214B8 /* JumpShotGetPlayers.swift */,
				D815EAC6262B8B75004C22AD /* JumpShotGetDailySchedule.swift */,
				D8B6295C2630B169007B0D63 /* JumpShotGetStandings.swift */,
				D8B629E32631FE06007B0D63 /* JumpShotGetTeamLeaders.swift */,
				D852B5162633B7D700610391 /* JumpShotGetTeamSchedules.swift */,
				D8C03187264423080009292A /* JumpShotGetCoaches.swift */,
				D817FC41261BCFB00092F5E0 /* JumpShot.h */,
				D817FC67261BD0070092F5E0 /* Network */,
				D817FC42261BCFB00092F5E0 /* Info.plist */,
			);
			path = JumpShot;
			sourceTree = "<group>";
		};
		D817FC4B261BCFB00092F5E0 /* JumpShotTests */ = {
			isa = PBXGroup;
			children = (
				D817FC4C261BCFB00092F5E0 /* JumpShotTests.swift */,
				D832C4F2261F749E00D214B8 /* Images */,
				D817FC78261BD02A0092F5E0 /* JSON */,
				D817FC91261BD02F0092F5E0 /* Helpers */,
				D817FC98261BD0560092F5E0 /* NetworkTests */,
				D817FCA9261BD05C0092F5E0 /* APIResponseTests */,
				D817FC4E261BCFB00092F5E0 /* Info.plist */,
			);
			path = JumpShotTests;
			sourceTree = "<group>";
		};
		D817FC67261BD0070092F5E0 /* Network */ = {
			isa = PBXGroup;
			children = (
				D817FC68261BD0070092F5E0 /* NetworkManager */,
				D817FC6A261BD0070092F5E0 /* Models */,
				D817FC6C261BD0070092F5E0 /* EndPoint */,
				D817FC6E261BD0070092F5E0 /* Service */,
			);
			path = Network;
			sourceTree = "<group>";
		};
		D817FC68261BD0070092F5E0 /* NetworkManager */ = {
			isa = PBXGroup;
			children = (
				D817FC69261BD0070092F5E0 /* JumpShotNetworkManager.swift */,
			);
			path = NetworkManager;
			sourceTree = "<group>";
		};
		D817FC6A261BD0070092F5E0 /* Models */ = {
			isa = PBXGroup;
			children = (
				D817FC6B261BD0070092F5E0 /* Team.swift */,
				D832C52726262CFB00D214B8 /* Player.swift */,
				D83B2645262A1951002EDBB0 /* GameSchedule.swift */,
				D8B6295726305E2F007B0D63 /* Standing.swift */,
				D8B629D82631ED8B007B0D63 /* Leader.swift */,
				D852B5112633532A00610391 /* TeamSchedule.swift */,
				D893538B2643701B006CA270 /* Coach.swift */,
			);
			path = Models;
			sourceTree = "<group>";
		};
		D817FC6C261BD0070092F5E0 /* EndPoint */ = {
			isa = PBXGroup;
			children = (
				D817FC6D261BD0070092F5E0 /* JumpShotApiEndPoint.swift */,
			);
			path = EndPoint;
			sourceTree = "<group>";
		};
		D817FC6E261BD0070092F5E0 /* Service */ = {
			isa = PBXGroup;
			children = (
				D817FC6F261BD0070092F5E0 /* Router.swift */,
				D817FC70261BD0070092F5E0 /* EndPointType.swift */,
			);
			path = Service;
			sourceTree = "<group>";
		};
		D817FC78261BD02A0092F5E0 /* JSON */ = {
			isa = PBXGroup;
			children = (
				D89353AB26438075006CA270 /* CoachApiResponse */,
				D8935390264378DF006CA270 /* CoachModel */,
				D89353442641B958006CA270 /* TeamScheduleModel */,
				D893531E2641A5CC006CA270 /* TeamScheduleApiResponse */,
				D8B629F12632FC72007B0D63 /* LeaderModel */,
				D8B629E82632FB13007B0D63 /* LeaderApiResponse */,
				D8B629612631B737007B0D63 /* StandingApiResponse */,
				D815EAD7262F762C004C22AD /* GameScheduleApiResponse */,
				D8D675F62628D0570009B06F /* PlayerApiResponse */,
				D8D6760D2628E26C0009B06F /* PlayerModel */,
				D817FC79261BD02A0092F5E0 /* TeamApiResponse */,
				D817FC80261BD02A0092F5E0 /* TeamModel */,
				D815EAF1262F7E42004C22AD /* GameScheduleModel */,
				D8B6296A2631B8EF007B0D63 /* StandingModel */,
			);
			path = JSON;
			sourceTree = "<group>";
		};
		D817FC79261BD02A0092F5E0 /* TeamApiResponse */ = {
			isa = PBXGroup;
			children = (
				D817FC7A261BD02A0092F5E0 /* TeamApiResponseMissingLeagueDict.json */,
				D817FC7B261BD02A0092F5E0 /* TeamApiResponseMissingStandardDict.json */,
				D817FC7C261BD02A0092F5E0 /* TeamApiResponseMissingIsNBAFranchise.json */,
				D817FC7D261BD02A0092F5E0 /* TeamApiResponseIsNBAFranchiseIsFalse.json */,
				D817FC7E261BD02A0092F5E0 /* TeamApiResponseMissingAttribute.json */,
				D817FC7F261BD02A0092F5E0 /* TeamApiResponse.json */,
			);
			path = TeamApiResponse;
			sourceTree = "<group>";
		};
		D817FC80261BD02A0092F5E0 /* TeamModel */ = {
			isa = PBXGroup;
			children = (
				D817FC81261BD02A0092F5E0 /* TeamModel.json */,
				D817FC82261BD02A0092F5E0 /* TeamModelMissingDataFormat.json */,
				D817FC83261BD02A0092F5E0 /* TeamModelBadDataFormat.json */,
			);
			path = TeamModel;
			sourceTree = "<group>";
		};
		D817FC91261BD02F0092F5E0 /* Helpers */ = {
			isa = PBXGroup;
			children = (
				D817FC92261BD02F0092F5E0 /* XCTestCase+helpers.swift */,
				D89353192641A292006CA270 /* Helpers+TeamSchedule.swift */,
			);
			path = Helpers;
			sourceTree = "<group>";
		};
		D817FC98261BD0560092F5E0 /* NetworkTests */ = {
			isa = PBXGroup;
			children = (
				D817FC99261BD0560092F5E0 /* NetworkManager */,
				D817FC9B261BD0560092F5E0 /* EndPoint */,
				D817FC9D261BD0560092F5E0 /* MockURLSession */,
				D817FC9F261BD0560092F5E0 /* Router */,
			);
			path = NetworkTests;
			sourceTree = "<group>";
		};
		D817FC99261BD0560092F5E0 /* NetworkManager */ = {
			isa = PBXGroup;
			children = (
				D817FC9A261BD0560092F5E0 /* JumpShotNetworkManagerTests.swift */,
			);
			path = NetworkManager;
			sourceTree = "<group>";
		};
		D817FC9B261BD0560092F5E0 /* EndPoint */ = {
			isa = PBXGroup;
			children = (
				D817FC9C261BD0560092F5E0 /* JumpShotApiEndPointTests.swift */,
			);
			path = EndPoint;
			sourceTree = "<group>";
		};
		D817FC9D261BD0560092F5E0 /* MockURLSession */ = {
			isa = PBXGroup;
			children = (
				D817FC9E261BD0560092F5E0 /* MockURLSession.swift */,
			);
			path = MockURLSession;
			sourceTree = "<group>";
		};
		D817FC9F261BD0560092F5E0 /* Router */ = {
			isa = PBXGroup;
			children = (
				D817FCA0261BD0560092F5E0 /* JumpShotRouterTests.swift */,
			);
			path = Router;
			sourceTree = "<group>";
		};
		D817FCA9261BD05C0092F5E0 /* APIResponseTests */ = {
			isa = PBXGroup;
			children = (
				D817FCB0261BD0640092F5E0 /* ModelTests */,
				D817FCAA261BD05C0092F5E0 /* JumpShotAPIResponseTests.swift */,
			);
			path = APIResponseTests;
			sourceTree = "<group>";
		};
		D817FCB0261BD0640092F5E0 /* ModelTests */ = {
			isa = PBXGroup;
			children = (
				D817FCB1261BD0640092F5E0 /* JumpShotModelTests.swift */,
			);
			path = ModelTests;
			sourceTree = "<group>";
		};
		D817FCC5261BD1A00092F5E0 /* JumpShotExamples */ = {
			isa = PBXGroup;
			children = (
				D817FCC6261BD1A00092F5E0 /* AppDelegate.swift */,
				D817FCC8261BD1A00092F5E0 /* SceneDelegate.swift */,
				D817FCDB261BD1B40092F5E0 /* JumpShotTableViewController.swift */,
				D817FCE6261BD1C60092F5E0 /* Main.storyboard */,
				D817FCCF261BD1A10092F5E0 /* Assets.xcassets */,
				D817FCD1261BD1A10092F5E0 /* LaunchScreen.storyboard */,
				D817FCD4261BD1A10092F5E0 /* Info.plist */,
			);
			path = JumpShotExamples;
			sourceTree = "<group>";
		};
		D832C4F2261F749E00D214B8 /* Images */ = {
			isa = PBXGroup;
			children = (
				D832C51626251C1300D214B8 /* Player */,
				D832C51526251C0600D214B8 /* Team */,
			);
			path = Images;
			sourceTree = "<group>";
		};
		D832C51526251C0600D214B8 /* Team */ = {
			isa = PBXGroup;
			children = (
				D832C4F8261FB3D300D214B8 /* NOP.png */,
				D832C4F9261FB3D300D214B8 /* UTA.png */,
				D832C4F3261F74CD00D214B8 /* BOS.png */,
			);
			path = Team;
			sourceTree = "<group>";
		};
		D832C51626251C1300D214B8 /* Player */ = {
			isa = PBXGroup;
			children = (
				D832C51826251C2900D214B8 /* large_1627759.png */,
				D832C51726251C2900D214B8 /* small_1627759.png */,
			);
			path = Player;
			sourceTree = "<group>";
		};
		D893531E2641A5CC006CA270 /* TeamScheduleApiResponse */ = {
			isa = PBXGroup;
			children = (
				D893533A2641AF4F006CA270 /* TeamScheduleApiResponse.json */,
				D893537A2642E377006CA270 /* TeamScheduleApiResponseOneSchedule.json */,
				D89353622642E157006CA270 /* TeamScheduleApiResponseMissingAttribute.json */,
				D89353582642E0F7006CA270 /* TeamScheduleApiResponseMissingLeague.json */,
				D893535D2642E11C006CA270 /* TeamScheduleApiResponseMissingStandard.json */,
			);
			path = TeamScheduleApiResponse;
			sourceTree = "<group>";
		};
		D89353442641B958006CA270 /* TeamScheduleModel */ = {
			isa = PBXGroup;
			children = (
				D893533F2641B950006CA270 /* TeamScheduleModel.json */,
				D893534826422700006CA270 /* TeamScheduleModelBadDataFormat.json */,
				D893534D26422719006CA270 /* TeamScheduleModelMissingDataFormat.json */,
			);
			path = TeamScheduleModel;
			sourceTree = "<group>";
		};
		D8935390264378DF006CA270 /* CoachModel */ = {
			isa = PBXGroup;
			children = (
				D893539126437923006CA270 /* CoachModel.json */,
				D893539926437954006CA270 /* CoachModelBadDataFormat.json */,
				D89353A6264379C8006CA270 /* CoachModelMissingDataFormat.json */,
			);
			path = CoachModel;
			sourceTree = "<group>";
		};
		D89353AB26438075006CA270 /* CoachApiResponse */ = {
			isa = PBXGroup;
			children = (
				D89353B7264381BD006CA270 /* CoachApiResponseMissingLeague.json */,
				D89353BC264382B0006CA270 /* CoachApiResponseMissingStandard.json */,
				D89353C42643870E006CA270 /* CoachApiResponseOneCoach.json */,
				D89353C9264388B6006CA270 /* CoachApiResponseMissingAttribute.json */,
			);
			path = CoachApiResponse;
			sourceTree = "<group>";
		};
		D8B629612631B737007B0D63 /* StandingApiResponse */ = {
			isa = PBXGroup;
			children = (
				D8B629622631B769007B0D63 /* StandingApiResponse.json */,
				D8B629CB2631C9F0007B0D63 /* StandingApiResponseMissingAttribute.json */,
				D8B629C12631C7EB007B0D63 /* StandingApiResponseMissingStandard.json */,
				D8B629D02631CC54007B0D63 /* StandingApiResponseOneStanding.json */,
				D8B629B42631C735007B0D63 /* StandingApiResponseMissingLeague.json */,
				D8B629C62631C8D5007B0D63 /* StandingApiResponseMissingTeams.json */,
			);
			path = StandingApiResponse;
			sourceTree = "<group>";
		};
		D8B6296A2631B8EF007B0D63 /* StandingModel */ = {
			isa = PBXGroup;
			children = (
				D8B6298A2631C20C007B0D63 /* StandingModel.json */,
				D8B6298F2631C223007B0D63 /* StandingModelMissingDataFormat.json */,
				D8B6299C2631C259007B0D63 /* StandingModelBadDataFormat.json */,
			);
			path = StandingModel;
			sourceTree = "<group>";
		};
		D8B629E82632FB13007B0D63 /* LeaderApiResponse */ = {
			isa = PBXGroup;
			children = (
				D8B629E92632FB30007B0D63 /* LeaderApiResponse.json */,
				D8B62A20263301A3007B0D63 /* LeaderApiResponseMissingAttribute.json */,
				D8B62A30263305AC007B0D63 /* LeaderApiResponseOneLeader.json */,
				D8B62A0E26330002007B0D63 /* LeaderApiResponseMissingLeague.json */,
				D8B62A132633005C007B0D63 /* LeaderApiResponseMissingStandard.json */,
			);
			path = LeaderApiResponse;
			sourceTree = "<group>";
		};
		D8B629F12632FC72007B0D63 /* LeaderModel */ = {
			isa = PBXGroup;
			children = (
				D8B629F32632FC8B007B0D63 /* LeaderModel.json */,
				D8B62A032632FEA3007B0D63 /* LeaderModelMissingDataFormat.json */,
				D8B629FE2632FE94007B0D63 /* LeaderModelBadDataFormat.json */,
			);
			path = LeaderModel;
			sourceTree = "<group>";
		};
		D8D675F62628D0570009B06F /* PlayerApiResponse */ = {
			isa = PBXGroup;
			children = (
				D8D676052628D23A0009B06F /* PlayerApiResponse.json */,
				D8D6765B2629F0110009B06F /* PlayerApiResponseOnePlayer.json */,
				D8D6763E2629E36E0009B06F /* PlayerApiResponseMissingLeagueDict.json */,
				D8D676332629E3290009B06F /* PlayerApiResponseMissingStandardDict.json */,
				D8D676492629E5770009B06F /* PlayerApiResponseMissingIsActive.json */,
				D8D6764E2629E6C50009B06F /* PlayerApiResponseIsActiveIsFalse.json */,
				D8D676562629E9600009B06F /* PlayerApiResponseMissingAttribute.json */,
			);
			path = PlayerApiResponse;
			sourceTree = "<group>";
		};
		D8D6760D2628E26C0009B06F /* PlayerModel */ = {
			isa = PBXGroup;
			children = (
				D8D676162628E2B90009B06F /* PlayerModel.json */,
				D8D6761E2629DFDF0009B06F /* PlayerModelMissingDataFormat.json */,
				D8D676232629DFF80009B06F /* PlayerModelBadDataFormat.json */,
			);
			path = PlayerModel;
			sourceTree = "<group>";
		};
/* End PBXGroup section */

/* Begin PBXHeadersBuildPhase section */
		D817FC39261BCFB00092F5E0 /* Headers */ = {
			isa = PBXHeadersBuildPhase;
			buildActionMask = 2147483647;
			files = (
				D817FC4F261BCFB00092F5E0 /* JumpShot.h in Headers */,
			);
			runOnlyForDeploymentPostprocessing = 0;
		};
/* End PBXHeadersBuildPhase section */

/* Begin PBXNativeTarget section */
		D817FC3D261BCFB00092F5E0 /* JumpShot */ = {
			isa = PBXNativeTarget;
			buildConfigurationList = D817FC52261BCFB00092F5E0 /* Build configuration list for PBXNativeTarget "JumpShot" */;
			buildPhases = (
				D817FC39261BCFB00092F5E0 /* Headers */,
				D817FC3A261BCFB00092F5E0 /* Sources */,
				D817FC3B261BCFB00092F5E0 /* Frameworks */,
				D817FC3C261BCFB00092F5E0 /* Resources */,
				D81D51192628B45E00487AD3 /* ShellScript */,
			);
			buildRules = (
			);
			dependencies = (
			);
			name = JumpShot;
			productName = JumpShot;
			productReference = D817FC3E261BCFB00092F5E0 /* JumpShot.framework */;
			productType = "com.apple.product-type.framework";
		};
		D817FC46261BCFB00092F5E0 /* JumpShotTests */ = {
			isa = PBXNativeTarget;
			buildConfigurationList = D817FC55261BCFB00092F5E0 /* Build configuration list for PBXNativeTarget "JumpShotTests" */;
			buildPhases = (
				D817FC43261BCFB00092F5E0 /* Sources */,
				D817FC44261BCFB00092F5E0 /* Frameworks */,
				D817FC45261BCFB00092F5E0 /* Resources */,
			);
			buildRules = (
			);
			dependencies = (
				D817FC4A261BCFB00092F5E0 /* PBXTargetDependency */,
			);
			name = JumpShotTests;
			productName = JumpShotTests;
			productReference = D817FC47261BCFB00092F5E0 /* JumpShotTests.xctest */;
			productType = "com.apple.product-type.bundle.unit-test";
		};
		D817FCC3261BD1A00092F5E0 /* JumpShotExamples */ = {
			isa = PBXNativeTarget;
			buildConfigurationList = D817FCD5261BD1A10092F5E0 /* Build configuration list for PBXNativeTarget "JumpShotExamples" */;
			buildPhases = (
				D817FCC0261BD1A00092F5E0 /* Sources */,
				D817FCC1261BD1A00092F5E0 /* Frameworks */,
				D817FCC2261BD1A00092F5E0 /* Resources */,
			);
			buildRules = (
			);
			dependencies = (
			);
			name = JumpShotExamples;
			productName = JumpShotExamples;
			productReference = D817FCC4261BD1A00092F5E0 /* JumpShotExamples.app */;
			productType = "com.apple.product-type.application";
		};
/* End PBXNativeTarget section */

/* Begin PBXProject section */
		D817FC35261BCFB00092F5E0 /* Project object */ = {
			isa = PBXProject;
			attributes = {
				LastSwiftUpdateCheck = 1230;
				LastUpgradeCheck = 1230;
				TargetAttributes = {
					D817FC3D261BCFB00092F5E0 = {
						CreatedOnToolsVersion = 12.3;
						LastSwiftMigration = 1230;
					};
					D817FC46261BCFB00092F5E0 = {
						CreatedOnToolsVersion = 12.3;
					};
					D817FCC3261BD1A00092F5E0 = {
						CreatedOnToolsVersion = 12.3;
					};
				};
			};
			buildConfigurationList = D817FC38261BCFB00092F5E0 /* Build configuration list for PBXProject "JumpShot" */;
			compatibilityVersion = "Xcode 9.3";
			developmentRegion = en;
			hasScannedForEncodings = 0;
			knownRegions = (
				en,
				Base,
			);
			mainGroup = D817FC34261BCFB00092F5E0;
			productRefGroup = D817FC3F261BCFB00092F5E0 /* Products */;
			projectDirPath = "";
			projectRoot = "";
			targets = (
				D817FC3D261BCFB00092F5E0 /* JumpShot */,
				D817FC46261BCFB00092F5E0 /* JumpShotTests */,
				D817FCC3261BD1A00092F5E0 /* JumpShotExamples */,
			);
		};
/* End PBXProject section */

/* Begin PBXResourcesBuildPhase section */
		D817FC3C261BCFB00092F5E0 /* Resources */ = {
			isa = PBXResourcesBuildPhase;
			buildActionMask = 2147483647;
			files = (
			);
			runOnlyForDeploymentPostprocessing = 0;
		};
		D817FC45261BCFB00092F5E0 /* Resources */ = {
			isa = PBXResourcesBuildPhase;
			buildActionMask = 2147483647;
			files = (
				D8B62A0F26330002007B0D63 /* LeaderApiResponseMissingLeague.json in Resources */,
				D815EB00262FABF8004C22AD /* GameScheduleModelMissingDataFormat.json in Resources */,
				D8B62A142633005C007B0D63 /* LeaderApiResponseMissingStandard.json in Resources */,
				D893533B2641AF4F006CA270 /* TeamScheduleApiResponse.json in Resources */,
				D893539A26437954006CA270 /* CoachModelBadDataFormat.json in Resources */,
				D815EB10262FBB19004C22AD /* GameScheduleApiResponseMissingCompleteGameSet.json in Resources */,
				D815EAF3262F7E6D004C22AD /* GameScheduleModel.json in Resources */,
				D8B6298B2631C20C007B0D63 /* StandingModel.json in Resources */,
				D89353632642E157006CA270 /* TeamScheduleApiResponseMissingAttribute.json in Resources */,
				D832C4FB261FB3D300D214B8 /* UTA.png in Resources */,
				D8D676342629E3290009B06F /* PlayerApiResponseMissingStandardDict.json in Resources */,
				D8D676062628D23A0009B06F /* PlayerApiResponse.json in Resources */,
				D893534926422700006CA270 /* TeamScheduleModelBadDataFormat.json in Resources */,
				D8B629C22631C7EB007B0D63 /* StandingApiResponseMissingStandard.json in Resources */,
				D8B62A042632FEA3007B0D63 /* LeaderModelMissingDataFormat.json in Resources */,
				D893539226437923006CA270 /* CoachModel.json in Resources */,
				D817FC8C261BD02A0092F5E0 /* TeamModelBadDataFormat.json in Resources */,
				D8B629D12631CC54007B0D63 /* StandingApiResponseOneStanding.json in Resources */,
				D8B62A21263301A3007B0D63 /* LeaderApiResponseMissingAttribute.json in Resources */,
				D8B629F42632FC8B007B0D63 /* LeaderModel.json in Resources */,
				D8D6765C2629F0110009B06F /* PlayerApiResponseOnePlayer.json in Resources */,
				D8D6764F2629E6C50009B06F /* PlayerApiResponseIsActiveIsFalse.json in Resources */,
				D817FC89261BD02A0092F5E0 /* TeamApiResponse.json in Resources */,
				D8D676242629DFF80009B06F /* PlayerModelBadDataFormat.json in Resources */,
				D817FC87261BD02A0092F5E0 /* TeamApiResponseIsNBAFranchiseIsFalse.json in Resources */,
				D817FC86261BD02A0092F5E0 /* TeamApiResponseMissingIsNBAFranchise.json in Resources */,
				D89353C52643870E006CA270 /* CoachApiResponseOneCoach.json in Resources */,
				D89353BD264382B0006CA270 /* CoachApiResponseMissingStandard.json in Resources */,
				D8B62A31263305AC007B0D63 /* LeaderApiResponseOneLeader.json in Resources */,
				D8D6764A2629E5770009B06F /* PlayerApiResponseMissingIsActive.json in Resources */,
				D8B629EA2632FB30007B0D63 /* LeaderApiResponse.json in Resources */,
				D815EB08262FB9DD004C22AD /* GameScheduleApiResponseMissingResultSets.json in Resources */,
				D815EB1A262FCAC0004C22AD /* GameScheduleApiResponseOneGame.json in Resources */,
				D832C51A26251C2900D214B8 /* large_1627759.png in Resources */,
				D89353CA264388B6006CA270 /* CoachApiResponseMissingAttribute.json in Resources */,
				D89353402641B950006CA270 /* TeamScheduleModel.json in Resources */,
				D815EB15262FC503004C22AD /* GameScheduleApiResponseMissingAttribute.json in Resources */,
				D832C4FA261FB3D300D214B8 /* NOP.png in Resources */,
				D8B629B52631C735007B0D63 /* StandingApiResponseMissingLeague.json in Resources */,
				D893534E26422719006CA270 /* TeamScheduleModelMissingDataFormat.json in Resources */,
				D817FC85261BD02A0092F5E0 /* TeamApiResponseMissingStandardDict.json in Resources */,
				D8B629C72631C8D5007B0D63 /* StandingApiResponseMissingTeams.json in Resources */,
				D8D6763F2629E36E0009B06F /* PlayerApiResponseMissingLeagueDict.json in Resources */,
				D8D676172628E2B90009B06F /* PlayerModel.json in Resources */,
				D815EAEA262F7699004C22AD /* GameScheduleApiResponse.json in Resources */,
				D893537B2642E377006CA270 /* TeamScheduleApiResponseOneSchedule.json in Resources */,
				D817FC8B261BD02A0092F5E0 /* TeamModelMissingDataFormat.json in Resources */,
				D832C4F4261F74CD00D214B8 /* BOS.png in Resources */,
				D8B629902631C223007B0D63 /* StandingModelMissingDataFormat.json in Resources */,
				D815EAFB262FAB9F004C22AD /* GameScheduleModelBadDataFormat.json in Resources */,
				D8D6761F2629DFDF0009B06F /* PlayerModelMissingDataFormat.json in Resources */,
				D817FC88261BD02A0092F5E0 /* TeamApiResponseMissingAttribute.json in Resources */,
				D89353592642E0F7006CA270 /* TeamScheduleApiResponseMissingLeague.json in Resources */,
				D817FC84261BD02A0092F5E0 /* TeamApiResponseMissingLeagueDict.json in Resources */,
				D89353B8264381BD006CA270 /* CoachApiResponseMissingLeague.json in Resources */,
				D8D676572629E9600009B06F /* PlayerApiResponseMissingAttribute.json in Resources */,
				D8B629632631B769007B0D63 /* StandingApiResponse.json in Resources */,
				D893535E2642E11C006CA270 /* TeamScheduleApiResponseMissingStandard.json in Resources */,
				D832C51926251C2900D214B8 /* small_1627759.png in Resources */,
				D8B6299D2631C259007B0D63 /* StandingModelBadDataFormat.json in Resources */,
				D89353A7264379C8006CA270 /* CoachModelMissingDataFormat.json in Resources */,
				D817FC8A261BD02A0092F5E0 /* TeamModel.json in Resources */,
				D8B629FF2632FE94007B0D63 /* LeaderModelBadDataFormat.json in Resources */,
				D8B629CC2631C9F0007B0D63 /* StandingApiResponseMissingAttribute.json in Resources */,
			);
			runOnlyForDeploymentPostprocessing = 0;
		};
		D817FCC2261BD1A00092F5E0 /* Resources */ = {
			isa = PBXResourcesBuildPhase;
			buildActionMask = 2147483647;
			files = (
				D817FCE7261BD1C60092F5E0 /* Main.storyboard in Resources */,
				D817FCD3261BD1A10092F5E0 /* LaunchScreen.storyboard in Resources */,
				D817FCD0261BD1A10092F5E0 /* Assets.xcassets in Resources */,
			);
			runOnlyForDeploymentPostprocessing = 0;
		};
/* End PBXResourcesBuildPhase section */

/* Begin PBXShellScriptBuildPhase section */
		D81D51192628B45E00487AD3 /* ShellScript */ = {
			isa = PBXShellScriptBuildPhase;
			buildActionMask = 2147483647;
			files = (
			);
			inputFileListPaths = (
			);
			inputPaths = (
			);
			outputFileListPaths = (
			);
			outputPaths = (
			);
			runOnlyForDeploymentPostprocessing = 0;
			shellPath = /bin/sh;
			shellScript = "# Type a script or drag a script file from your workspace to insert its path.\n\nif test -d \"/opt/homebrew/bin/\"; then\n  PATH=\"/opt/homebrew/bin/:${PATH}\"\nfi\n\nexport PATH\n\nif which swiftlint >/dev/null; then\n  swiftlint\nelse\n  echo \"warning: SwiftLint not installed, download from https://github.com/realm/SwiftLint\"\nfi\n";
		};
/* End PBXShellScriptBuildPhase section */

/* Begin PBXSourcesBuildPhase section */
		D817FC3A261BCFB00092F5E0 /* Sources */ = {
			isa = PBXSourcesBuildPhase;
			buildActionMask = 2147483647;
			files = (
				D832C52826262CFB00D214B8 /* Player.swift in Sources */,
				D817FC72261BD0070092F5E0 /* Team.swift in Sources */,
				D832C4DD261E50F000D214B8 /* JumpShotGetTeamImage.swift in Sources */,
				D8B6295826305E2F007B0D63 /* Standing.swift in Sources */,
				D815EAC7262B8B75004C22AD /* JumpShotGetDailySchedule.swift in Sources */,
				D817FC71261BD0070092F5E0 /* JumpShotNetworkManager.swift in Sources */,
				D8B629E42631FE06007B0D63 /* JumpShotGetTeamLeaders.swift in Sources */,
				D83B2646262A1951002EDBB0 /* GameSchedule.swift in Sources */,
				D8B629D92631ED8B007B0D63 /* Leader.swift in Sources */,
				D8C03188264423080009292A /* JumpShotGetCoaches.swift in Sources */,
				D817FC73261BD0070092F5E0 /* JumpShotApiEndPoint.swift in Sources */,
				D852B5172633B7D700610391 /* JumpShotGetTeamSchedules.swift in Sources */,
				D817FC5E261BCFEC0092F5E0 /* JumpShot.swift in Sources */,
				D832C5092624BE0200D214B8 /* JumpShotGetPlayerImage.swift in Sources */,
				D893538C2643701B006CA270 /* Coach.swift in Sources */,
				D8B6295D2630B169007B0D63 /* JumpShotGetStandings.swift in Sources */,
				D817FC74261BD0070092F5E0 /* Router.swift in Sources */,
				D817FC64261BCFF80092F5E0 /* JumpShotGetTeams.swift in Sources */,
				D832C52D26273D6900D214B8 /* JumpShotGetPlayers.swift in Sources */,
				D817FC75261BD0070092F5E0 /* EndPointType.swift in Sources */,
				D852B5122633532A00610391 /* TeamSchedule.swift in Sources */,
				D832C5112625080A00D214B8 /* JumpShot+Helpers.swift in Sources */,
			);
			runOnlyForDeploymentPostprocessing = 0;
		};
		D817FC43261BCFB00092F5E0 /* Sources */ = {
			isa = PBXSourcesBuildPhase;
			buildActionMask = 2147483647;
			files = (
				D817FCA1261BD0560092F5E0 /* JumpShotNetworkManagerTests.swift in Sources */,
				D817FCB2261BD0640092F5E0 /* JumpShotModelTests.swift in Sources */,
				D817FCAB261BD05C0092F5E0 /* JumpShotAPIResponseTests.swift in Sources */,
				D893531A2641A292006CA270 /* Helpers+TeamSchedule.swift in Sources */,
				D817FCA2261BD0560092F5E0 /* JumpShotApiEndPointTests.swift in Sources */,
				D817FCA4261BD0560092F5E0 /* JumpShotRouterTests.swift in Sources */,
				D817FC93261BD02F0092F5E0 /* XCTestCase+helpers.swift in Sources */,
				D817FCA3261BD0560092F5E0 /* MockURLSession.swift in Sources */,
				D817FC4D261BCFB00092F5E0 /* JumpShotTests.swift in Sources */,
			);
			runOnlyForDeploymentPostprocessing = 0;
		};
		D817FCC0261BD1A00092F5E0 /* Sources */ = {
			isa = PBXSourcesBuildPhase;
			buildActionMask = 2147483647;
			files = (
				D817FCC7261BD1A00092F5E0 /* AppDelegate.swift in Sources */,
				D817FCC9261BD1A00092F5E0 /* SceneDelegate.swift in Sources */,
				D817FCDC261BD1B40092F5E0 /* JumpShotTableViewController.swift in Sources */,
			);
			runOnlyForDeploymentPostprocessing = 0;
		};
/* End PBXSourcesBuildPhase section */

/* Begin PBXTargetDependency section */
		D817FC4A261BCFB00092F5E0 /* PBXTargetDependency */ = {
			isa = PBXTargetDependency;
			target = D817FC3D261BCFB00092F5E0 /* JumpShot */;
			targetProxy = D817FC49261BCFB00092F5E0 /* PBXContainerItemProxy */;
		};
/* End PBXTargetDependency section */

/* Begin PBXVariantGroup section */
		D817FCD1261BD1A10092F5E0 /* LaunchScreen.storyboard */ = {
			isa = PBXVariantGroup;
			children = (
				D817FCD2261BD1A10092F5E0 /* Base */,
			);
			name = LaunchScreen.storyboard;
			sourceTree = "<group>";
		};
/* End PBXVariantGroup section */

/* Begin XCBuildConfiguration section */
		D817FC50261BCFB00092F5E0 /* Debug */ = {
			isa = XCBuildConfiguration;
			buildSettings = {
				ALWAYS_SEARCH_USER_PATHS = NO;
				CLANG_ANALYZER_NONNULL = YES;
				CLANG_ANALYZER_NUMBER_OBJECT_CONVERSION = YES_AGGRESSIVE;
				CLANG_CXX_LANGUAGE_STANDARD = "gnu++14";
				CLANG_CXX_LIBRARY = "libc++";
				CLANG_ENABLE_MODULES = YES;
				CLANG_ENABLE_OBJC_ARC = YES;
				CLANG_ENABLE_OBJC_WEAK = YES;
				CLANG_WARN_BLOCK_CAPTURE_AUTORELEASING = YES;
				CLANG_WARN_BOOL_CONVERSION = YES;
				CLANG_WARN_COMMA = YES;
				CLANG_WARN_CONSTANT_CONVERSION = YES;
				CLANG_WARN_DEPRECATED_OBJC_IMPLEMENTATIONS = YES;
				CLANG_WARN_DIRECT_OBJC_ISA_USAGE = YES_ERROR;
				CLANG_WARN_DOCUMENTATION_COMMENTS = YES;
				CLANG_WARN_EMPTY_BODY = YES;
				CLANG_WARN_ENUM_CONVERSION = YES;
				CLANG_WARN_INFINITE_RECURSION = YES;
				CLANG_WARN_INT_CONVERSION = YES;
				CLANG_WARN_NON_LITERAL_NULL_CONVERSION = YES;
				CLANG_WARN_OBJC_IMPLICIT_RETAIN_SELF = YES;
				CLANG_WARN_OBJC_LITERAL_CONVERSION = YES;
				CLANG_WARN_OBJC_ROOT_CLASS = YES_ERROR;
				CLANG_WARN_QUOTED_INCLUDE_IN_FRAMEWORK_HEADER = YES;
				CLANG_WARN_RANGE_LOOP_ANALYSIS = YES;
				CLANG_WARN_STRICT_PROTOTYPES = YES;
				CLANG_WARN_SUSPICIOUS_MOVE = YES;
				CLANG_WARN_UNGUARDED_AVAILABILITY = YES_AGGRESSIVE;
				CLANG_WARN_UNREACHABLE_CODE = YES;
				CLANG_WARN__DUPLICATE_METHOD_MATCH = YES;
				COPY_PHASE_STRIP = NO;
				CURRENT_PROJECT_VERSION = 1;
				DEBUG_INFORMATION_FORMAT = dwarf;
				ENABLE_STRICT_OBJC_MSGSEND = YES;
				ENABLE_TESTABILITY = YES;
				GCC_C_LANGUAGE_STANDARD = gnu11;
				GCC_DYNAMIC_NO_PIC = NO;
				GCC_NO_COMMON_BLOCKS = YES;
				GCC_OPTIMIZATION_LEVEL = 0;
				GCC_PREPROCESSOR_DEFINITIONS = (
					"DEBUG=1",
					"$(inherited)",
				);
				GCC_WARN_64_TO_32_BIT_CONVERSION = YES;
				GCC_WARN_ABOUT_RETURN_TYPE = YES_ERROR;
				GCC_WARN_UNDECLARED_SELECTOR = YES;
				GCC_WARN_UNINITIALIZED_AUTOS = YES_AGGRESSIVE;
				GCC_WARN_UNUSED_FUNCTION = YES;
				GCC_WARN_UNUSED_VARIABLE = YES;
				IPHONEOS_DEPLOYMENT_TARGET = 14.3;
				MTL_ENABLE_DEBUG_INFO = INCLUDE_SOURCE;
				MTL_FAST_MATH = YES;
				ONLY_ACTIVE_ARCH = YES;
				SDKROOT = iphoneos;
				SWIFT_ACTIVE_COMPILATION_CONDITIONS = DEBUG;
				SWIFT_OPTIMIZATION_LEVEL = "-Onone";
				VERSIONING_SYSTEM = "apple-generic";
				VERSION_INFO_PREFIX = "";
			};
			name = Debug;
		};
		D817FC51261BCFB00092F5E0 /* Release */ = {
			isa = XCBuildConfiguration;
			buildSettings = {
				ALWAYS_SEARCH_USER_PATHS = NO;
				CLANG_ANALYZER_NONNULL = YES;
				CLANG_ANALYZER_NUMBER_OBJECT_CONVERSION = YES_AGGRESSIVE;
				CLANG_CXX_LANGUAGE_STANDARD = "gnu++14";
				CLANG_CXX_LIBRARY = "libc++";
				CLANG_ENABLE_MODULES = YES;
				CLANG_ENABLE_OBJC_ARC = YES;
				CLANG_ENABLE_OBJC_WEAK = YES;
				CLANG_WARN_BLOCK_CAPTURE_AUTORELEASING = YES;
				CLANG_WARN_BOOL_CONVERSION = YES;
				CLANG_WARN_COMMA = YES;
				CLANG_WARN_CONSTANT_CONVERSION = YES;
				CLANG_WARN_DEPRECATED_OBJC_IMPLEMENTATIONS = YES;
				CLANG_WARN_DIRECT_OBJC_ISA_USAGE = YES_ERROR;
				CLANG_WARN_DOCUMENTATION_COMMENTS = YES;
				CLANG_WARN_EMPTY_BODY = YES;
				CLANG_WARN_ENUM_CONVERSION = YES;
				CLANG_WARN_INFINITE_RECURSION = YES;
				CLANG_WARN_INT_CONVERSION = YES;
				CLANG_WARN_NON_LITERAL_NULL_CONVERSION = YES;
				CLANG_WARN_OBJC_IMPLICIT_RETAIN_SELF = YES;
				CLANG_WARN_OBJC_LITERAL_CONVERSION = YES;
				CLANG_WARN_OBJC_ROOT_CLASS = YES_ERROR;
				CLANG_WARN_QUOTED_INCLUDE_IN_FRAMEWORK_HEADER = YES;
				CLANG_WARN_RANGE_LOOP_ANALYSIS = YES;
				CLANG_WARN_STRICT_PROTOTYPES = YES;
				CLANG_WARN_SUSPICIOUS_MOVE = YES;
				CLANG_WARN_UNGUARDED_AVAILABILITY = YES_AGGRESSIVE;
				CLANG_WARN_UNREACHABLE_CODE = YES;
				CLANG_WARN__DUPLICATE_METHOD_MATCH = YES;
				COPY_PHASE_STRIP = NO;
				CURRENT_PROJECT_VERSION = 1;
				DEBUG_INFORMATION_FORMAT = "dwarf-with-dsym";
				ENABLE_NS_ASSERTIONS = NO;
				ENABLE_STRICT_OBJC_MSGSEND = YES;
				GCC_C_LANGUAGE_STANDARD = gnu11;
				GCC_NO_COMMON_BLOCKS = YES;
				GCC_WARN_64_TO_32_BIT_CONVERSION = YES;
				GCC_WARN_ABOUT_RETURN_TYPE = YES_ERROR;
				GCC_WARN_UNDECLARED_SELECTOR = YES;
				GCC_WARN_UNINITIALIZED_AUTOS = YES_AGGRESSIVE;
				GCC_WARN_UNUSED_FUNCTION = YES;
				GCC_WARN_UNUSED_VARIABLE = YES;
				IPHONEOS_DEPLOYMENT_TARGET = 14.3;
				MTL_ENABLE_DEBUG_INFO = NO;
				MTL_FAST_MATH = YES;
				SDKROOT = iphoneos;
				SWIFT_COMPILATION_MODE = wholemodule;
				SWIFT_OPTIMIZATION_LEVEL = "-O";
				VALIDATE_PRODUCT = YES;
				VERSIONING_SYSTEM = "apple-generic";
				VERSION_INFO_PREFIX = "";
			};
			name = Release;
		};
		D817FC53261BCFB00092F5E0 /* Debug */ = {
			isa = XCBuildConfiguration;
			buildSettings = {
				CLANG_ENABLE_MODULES = YES;
				CODE_SIGN_STYLE = Automatic;
				DEFINES_MODULE = YES;
				DEVELOPMENT_TEAM = V8M7L5RW78;
				DYLIB_COMPATIBILITY_VERSION = 1;
				DYLIB_CURRENT_VERSION = 1;
				DYLIB_INSTALL_NAME_BASE = "@rpath";
				INFOPLIST_FILE = JumpShot/Info.plist;
				INSTALL_PATH = "$(LOCAL_LIBRARY_DIR)/Frameworks";
				LD_RUNPATH_SEARCH_PATHS = (
					"$(inherited)",
					"@executable_path/Frameworks",
					"@loader_path/Frameworks",
				);
				PRODUCT_BUNDLE_IDENTIFIER = com.highscoreapps.JumpShot;
				PRODUCT_NAME = "$(TARGET_NAME:c99extidentifier)";
				SKIP_INSTALL = YES;
				SWIFT_OPTIMIZATION_LEVEL = "-Onone";
				SWIFT_VERSION = 5.0;
				TARGETED_DEVICE_FAMILY = "1,2";
			};
			name = Debug;
		};
		D817FC54261BCFB00092F5E0 /* Release */ = {
			isa = XCBuildConfiguration;
			buildSettings = {
				CLANG_ENABLE_MODULES = YES;
				CODE_SIGN_STYLE = Automatic;
				DEFINES_MODULE = YES;
				DEVELOPMENT_TEAM = V8M7L5RW78;
				DYLIB_COMPATIBILITY_VERSION = 1;
				DYLIB_CURRENT_VERSION = 1;
				DYLIB_INSTALL_NAME_BASE = "@rpath";
				INFOPLIST_FILE = JumpShot/Info.plist;
				INSTALL_PATH = "$(LOCAL_LIBRARY_DIR)/Frameworks";
				LD_RUNPATH_SEARCH_PATHS = (
					"$(inherited)",
					"@executable_path/Frameworks",
					"@loader_path/Frameworks",
				);
				PRODUCT_BUNDLE_IDENTIFIER = com.highscoreapps.JumpShot;
				PRODUCT_NAME = "$(TARGET_NAME:c99extidentifier)";
				SKIP_INSTALL = YES;
				SWIFT_VERSION = 5.0;
				TARGETED_DEVICE_FAMILY = "1,2";
			};
			name = Release;
		};
		D817FC56261BCFB00092F5E0 /* Debug */ = {
			isa = XCBuildConfiguration;
			buildSettings = {
				ALWAYS_EMBED_SWIFT_STANDARD_LIBRARIES = YES;
				CODE_SIGN_STYLE = Automatic;
				DEVELOPMENT_TEAM = V8M7L5RW78;
				INFOPLIST_FILE = JumpShotTests/Info.plist;
				LD_RUNPATH_SEARCH_PATHS = (
					"$(inherited)",
					"@executable_path/Frameworks",
					"@loader_path/Frameworks",
				);
				PRODUCT_BUNDLE_IDENTIFIER = com.highscoreapps.JumpShotTests;
				PRODUCT_NAME = "$(TARGET_NAME)";
				SWIFT_VERSION = 5.0;
				TARGETED_DEVICE_FAMILY = "1,2";
			};
			name = Debug;
		};
		D817FC57261BCFB00092F5E0 /* Release */ = {
			isa = XCBuildConfiguration;
			buildSettings = {
				ALWAYS_EMBED_SWIFT_STANDARD_LIBRARIES = YES;
				CODE_SIGN_STYLE = Automatic;
				DEVELOPMENT_TEAM = V8M7L5RW78;
				INFOPLIST_FILE = JumpShotTests/Info.plist;
				LD_RUNPATH_SEARCH_PATHS = (
					"$(inherited)",
					"@executable_path/Frameworks",
					"@loader_path/Frameworks",
				);
				PRODUCT_BUNDLE_IDENTIFIER = com.highscoreapps.JumpShotTests;
				PRODUCT_NAME = "$(TARGET_NAME)";
				SWIFT_VERSION = 5.0;
				TARGETED_DEVICE_FAMILY = "1,2";
			};
			name = Release;
		};
		D817FCD6261BD1A10092F5E0 /* Debug */ = {
			isa = XCBuildConfiguration;
			buildSettings = {
				ASSETCATALOG_COMPILER_APPICON_NAME = AppIcon;
				ASSETCATALOG_COMPILER_GLOBAL_ACCENT_COLOR_NAME = AccentColor;
				CODE_SIGN_STYLE = Automatic;
				DEVELOPMENT_TEAM = V8M7L5RW78;
				INFOPLIST_FILE = JumpShotExamples/Info.plist;
				LD_RUNPATH_SEARCH_PATHS = (
					"$(inherited)",
					"@executable_path/Frameworks",
				);
				PRODUCT_BUNDLE_IDENTIFIER = com.highscoreapps.JumpShotExamples;
				PRODUCT_NAME = "$(TARGET_NAME)";
				SWIFT_VERSION = 5.0;
				TARGETED_DEVICE_FAMILY = "1,2";
			};
			name = Debug;
		};
		D817FCD7261BD1A10092F5E0 /* Release */ = {
			isa = XCBuildConfiguration;
			buildSettings = {
				ASSETCATALOG_COMPILER_APPICON_NAME = AppIcon;
				ASSETCATALOG_COMPILER_GLOBAL_ACCENT_COLOR_NAME = AccentColor;
				CODE_SIGN_STYLE = Automatic;
				DEVELOPMENT_TEAM = V8M7L5RW78;
				INFOPLIST_FILE = JumpShotExamples/Info.plist;
				LD_RUNPATH_SEARCH_PATHS = (
					"$(inherited)",
					"@executable_path/Frameworks",
				);
				PRODUCT_BUNDLE_IDENTIFIER = com.highscoreapps.JumpShotExamples;
				PRODUCT_NAME = "$(TARGET_NAME)";
				SWIFT_VERSION = 5.0;
				TARGETED_DEVICE_FAMILY = "1,2";
			};
			name = Release;
		};
/* End XCBuildConfiguration section */

/* Begin XCConfigurationList section */
		D817FC38261BCFB00092F5E0 /* Build configuration list for PBXProject "JumpShot" */ = {
			isa = XCConfigurationList;
			buildConfigurations = (
				D817FC50261BCFB00092F5E0 /* Debug */,
				D817FC51261BCFB00092F5E0 /* Release */,
			);
			defaultConfigurationIsVisible = 0;
			defaultConfigurationName = Release;
		};
		D817FC52261BCFB00092F5E0 /* Build configuration list for PBXNativeTarget "JumpShot" */ = {
			isa = XCConfigurationList;
			buildConfigurations = (
				D817FC53261BCFB00092F5E0 /* Debug */,
				D817FC54261BCFB00092F5E0 /* Release */,
			);
			defaultConfigurationIsVisible = 0;
			defaultConfigurationName = Release;
		};
		D817FC55261BCFB00092F5E0 /* Build configuration list for PBXNativeTarget "JumpShotTests" */ = {
			isa = XCConfigurationList;
			buildConfigurations = (
				D817FC56261BCFB00092F5E0 /* Debug */,
				D817FC57261BCFB00092F5E0 /* Release */,
			);
			defaultConfigurationIsVisible = 0;
			defaultConfigurationName = Release;
		};
		D817FCD5261BD1A10092F5E0 /* Build configuration list for PBXNativeTarget "JumpShotExamples" */ = {
			isa = XCConfigurationList;
			buildConfigurations = (
				D817FCD6261BD1A10092F5E0 /* Debug */,
				D817FCD7261BD1A10092F5E0 /* Release */,
			);
			defaultConfigurationIsVisible = 0;
			defaultConfigurationName = Release;
		};
/* End XCConfigurationList section */
	};
	rootObject = D817FC35261BCFB00092F5E0 /* Project object */;
}
